// !$*UTF8*$!
{
	archiveVersion = 1;
	classes = {
	};
	objectVersion = 55;
	objects = {

/* Begin PBXBuildFile section */
		FC5497952812CBD000729DA4 /* GoogleService-Info.plist in Resources */ = {isa = PBXBuildFile; fileRef = FC5497942812CBD000729DA4 /* GoogleService-Info.plist */; };
		FC5497982812CD4A00729DA4 /* FirebaseAnalytics in Frameworks */ = {isa = PBXBuildFile; productRef = FC5497972812CD4A00729DA4 /* FirebaseAnalytics */; };
		FC54979A2812CD4A00729DA4 /* FirebaseAnalyticsWithoutAdIdSupport in Frameworks */ = {isa = PBXBuildFile; productRef = FC5497992812CD4A00729DA4 /* FirebaseAnalyticsWithoutAdIdSupport */; };
		FC54979C2812CD4A00729DA4 /* FirebaseDynamicLinks in Frameworks */ = {isa = PBXBuildFile; productRef = FC54979B2812CD4A00729DA4 /* FirebaseDynamicLinks */; };
		FC54979F2812DBF500729DA4 /* AudioBoxesList.swift in Sources */ = {isa = PBXBuildFile; fileRef = FC54979E2812DBF500729DA4 /* AudioBoxesList.swift */; };
		FC5497A12812DFB500729DA4 /* AudioBoxDetailView.swift in Sources */ = {isa = PBXBuildFile; fileRef = FC5497A02812DFB500729DA4 /* AudioBoxDetailView.swift */; };
		FC5497A32813016F00729DA4 /* DeepLinkHandler.swift in Sources */ = {isa = PBXBuildFile; fileRef = FC5497A22813016F00729DA4 /* DeepLinkHandler.swift */; };
		FC5497A528131DFE00729DA4 /* DeepLinkKey.swift in Sources */ = {isa = PBXBuildFile; fileRef = FC5497A428131DFE00729DA4 /* DeepLinkKey.swift */; };
		FCAB1DCA2811C4E9008DB87D /* DunamicLinksApp.swift in Sources */ = {isa = PBXBuildFile; fileRef = FCAB1DC92811C4E9008DB87D /* DunamicLinksApp.swift */; };
		FCAB1DCC2811C4E9008DB87D /* ContentView.swift in Sources */ = {isa = PBXBuildFile; fileRef = FCAB1DCB2811C4E9008DB87D /* ContentView.swift */; };
		FCAB1DCE2811C4EA008DB87D /* Assets.xcassets in Resources */ = {isa = PBXBuildFile; fileRef = FCAB1DCD2811C4EA008DB87D /* Assets.xcassets */; };
		FCAB1DD12811C4EA008DB87D /* Preview Assets.xcassets in Resources */ = {isa = PBXBuildFile; fileRef = FCAB1DD02811C4EA008DB87D /* Preview Assets.xcassets */; };
/* End PBXBuildFile section */

/* Begin PBXFileReference section */
		FC5497942812CBD000729DA4 /* GoogleService-Info.plist */ = {isa = PBXFileReference; fileEncoding = 4; lastKnownFileType = text.plist.xml; path = "GoogleService-Info.plist"; sourceTree = "<group>"; };
		FC54979D2812D4DC00729DA4 /* DunamicLinks.entitlements */ = {isa = PBXFileReference; lastKnownFileType = text.plist.entitlements; path = DunamicLinks.entitlements; sourceTree = "<group>"; };
		FC54979E2812DBF500729DA4 /* AudioBoxesList.swift */ = {isa = PBXFileReference; lastKnownFileType = sourcecode.swift; path = AudioBoxesList.swift; sourceTree = "<group>"; };
		FC5497A02812DFB500729DA4 /* AudioBoxDetailView.swift */ = {isa = PBXFileReference; lastKnownFileType = sourcecode.swift; path = AudioBoxDetailView.swift; sourceTree = "<group>"; };
		FC5497A22813016F00729DA4 /* DeepLinkHandler.swift */ = {isa = PBXFileReference; lastKnownFileType = sourcecode.swift; path = DeepLinkHandler.swift; sourceTree = "<group>"; };
		FC5497A428131DFE00729DA4 /* DeepLinkKey.swift */ = {isa = PBXFileReference; lastKnownFileType = sourcecode.swift; path = DeepLinkKey.swift; sourceTree = "<group>"; };
		FCAB1DC62811C4E9008DB87D /* DunamicLinks.app */ = {isa = PBXFileReference; explicitFileType = wrapper.application; includeInIndex = 0; path = DunamicLinks.app; sourceTree = BUILT_PRODUCTS_DIR; };
		FCAB1DC92811C4E9008DB87D /* DunamicLinksApp.swift */ = {isa = PBXFileReference; lastKnownFileType = sourcecode.swift; path = DunamicLinksApp.swift; sourceTree = "<group>"; };
		FCAB1DCB2811C4E9008DB87D /* ContentView.swift */ = {isa = PBXFileReference; lastKnownFileType = sourcecode.swift; path = ContentView.swift; sourceTree = "<group>"; };
		FCAB1DCD2811C4EA008DB87D /* Assets.xcassets */ = {isa = PBXFileReference; lastKnownFileType = folder.assetcatalog; path = Assets.xcassets; sourceTree = "<group>"; };
		FCAB1DD02811C4EA008DB87D /* Preview Assets.xcassets */ = {isa = PBXFileReference; lastKnownFileType = folder.assetcatalog; path = "Preview Assets.xcassets"; sourceTree = "<group>"; };
/* End PBXFileReference section */

/* Begin PBXFrameworksBuildPhase section */
		FCAB1DC32811C4E9008DB87D /* Frameworks */ = {
			isa = PBXFrameworksBuildPhase;
			buildActionMask = 2147483647;
			files = (
				FC5497982812CD4A00729DA4 /* FirebaseAnalytics in Frameworks */,
				FC54979A2812CD4A00729DA4 /* FirebaseAnalyticsWithoutAdIdSupport in Frameworks */,
				FC54979C2812CD4A00729DA4 /* FirebaseDynamicLinks in Frameworks */,
			);
			runOnlyForDeploymentPostprocessing = 0;
		};
/* End PBXFrameworksBuildPhase section */

/* Begin PBXGroup section */
		FCAB1DBD2811C4E9008DB87D = {
			isa = PBXGroup;
			children = (
				FCAB1DC82811C4E9008DB87D /* DunamicLinks */,
				FCAB1DC72811C4E9008DB87D /* Products */,
			);
			sourceTree = "<group>";
		};
		FCAB1DC72811C4E9008DB87D /* Products */ = {
			isa = PBXGroup;
			children = (
				FCAB1DC62811C4E9008DB87D /* DunamicLinks.app */,
			);
			name = Products;
			sourceTree = "<group>";
		};
		FCAB1DC82811C4E9008DB87D /* DunamicLinks */ = {
			isa = PBXGroup;
			children = (
				FC54979D2812D4DC00729DA4 /* DunamicLinks.entitlements */,
				FC5497942812CBD000729DA4 /* GoogleService-Info.plist */,
				FCAB1DC92811C4E9008DB87D /* DunamicLinksApp.swift */,
				FCAB1DCB2811C4E9008DB87D /* ContentView.swift */,
				FC54979E2812DBF500729DA4 /* AudioBoxesList.swift */,
				FC5497A22813016F00729DA4 /* DeepLinkHandler.swift */,
				FC5497A02812DFB500729DA4 /* AudioBoxDetailView.swift */,
				FC5497A428131DFE00729DA4 /* DeepLinkKey.swift */,
				FCAB1DCD2811C4EA008DB87D /* Assets.xcassets */,
				FCAB1DCF2811C4EA008DB87D /* Preview Content */,
			);
			path = DunamicLinks;
			sourceTree = "<group>";
		};
		FCAB1DCF2811C4EA008DB87D /* Preview Content */ = {
			isa = PBXGroup;
			children = (
				FCAB1DD02811C4EA008DB87D /* Preview Assets.xcassets */,
			);
			path = "Preview Content";
			sourceTree = "<group>";
		};
/* End PBXGroup section */

/* Begin PBXNativeTarget section */
		FCAB1DC52811C4E9008DB87D /* DunamicLinks */ = {
			isa = PBXNativeTarget;
			buildConfigurationList = FCAB1DD42811C4EA008DB87D /* Build configuration list for PBXNativeTarget "DunamicLinks" */;
			buildPhases = (
				FCAB1DC22811C4E9008DB87D /* Sources */,
				FCAB1DC32811C4E9008DB87D /* Frameworks */,
				FCAB1DC42811C4E9008DB87D /* Resources */,
			);
			buildRules = (
			);
			dependencies = (
			);
			name = DunamicLinks;
			packageProductDependencies = (
				FC5497972812CD4A00729DA4 /* FirebaseAnalytics */,
				FC5497992812CD4A00729DA4 /* FirebaseAnalyticsWithoutAdIdSupport */,
				FC54979B2812CD4A00729DA4 /* FirebaseDynamicLinks */,
			);
			productName = DunamicLinks;
			productReference = FCAB1DC62811C4E9008DB87D /* DunamicLinks.app */;
			productType = "com.apple.product-type.application";
		};
/* End PBXNativeTarget section */

/* Begin PBXProject section */
		FCAB1DBE2811C4E9008DB87D /* Project object */ = {
			isa = PBXProject;
			attributes = {
				BuildIndependentTargetsInParallel = 1;
				LastSwiftUpdateCheck = 1320;
				LastUpgradeCheck = 1320;
				TargetAttributes = {
					FCAB1DC52811C4E9008DB87D = {
						CreatedOnToolsVersion = 13.2.1;
					};
				};
			};
			buildConfigurationList = FCAB1DC12811C4E9008DB87D /* Build configuration list for PBXProject "DunamicLinks" */;
			compatibilityVersion = "Xcode 13.0";
			developmentRegion = en;
			hasScannedForEncodings = 0;
			knownRegions = (
				en,
				Base,
			);
			mainGroup = FCAB1DBD2811C4E9008DB87D;
			packageReferences = (
				FC5497962812CD4A00729DA4 /* XCRemoteSwiftPackageReference "firebase-ios-sdk" */,
			);
			productRefGroup = FCAB1DC72811C4E9008DB87D /* Products */;
			projectDirPath = "";
			projectRoot = "";
			targets = (
				FCAB1DC52811C4E9008DB87D /* DunamicLinks */,
			);
		};
/* End PBXProject section */

/* Begin PBXResourcesBuildPhase section */
		FCAB1DC42811C4E9008DB87D /* Resources */ = {
			isa = PBXResourcesBuildPhase;
			buildActionMask = 2147483647;
			files = (
				FCAB1DD12811C4EA008DB87D /* Preview Assets.xcassets in Resources */,
				FCAB1DCE2811C4EA008DB87D /* Assets.xcassets in Resources */,
				FC5497952812CBD000729DA4 /* GoogleService-Info.plist in Resources */,
			);
			runOnlyForDeploymentPostprocessing = 0;
		};
/* End PBXResourcesBuildPhase section */

/* Begin PBXSourcesBuildPhase section */
		FCAB1DC22811C4E9008DB87D /* Sources */ = {
			isa = PBXSourcesBuildPhase;
			buildActionMask = 2147483647;
			files = (
				FC5497A12812DFB500729DA4 /* AudioBoxDetailView.swift in Sources */,
				FC54979F2812DBF500729DA4 /* AudioBoxesList.swift in Sources */,
				FCAB1DCC2811C4E9008DB87D /* ContentView.swift in Sources */,
				FC5497A32813016F00729DA4 /* DeepLinkHandler.swift in Sources */,
				FCAB1DCA2811C4E9008DB87D /* DunamicLinksApp.swift in Sources */,
				FC5497A528131DFE00729DA4 /* DeepLinkKey.swift in Sources */,
			);
			runOnlyForDeploymentPostprocessing = 0;
		};
/* End PBXSourcesBuildPhase section */

/* Begin XCBuildConfiguration section */
		FCAB1DD22811C4EA008DB87D /* Debug */ = {
			isa = XCBuildConfiguration;
			buildSettings = {
				ALWAYS_SEARCH_USER_PATHS = NO;
				CLANG_ANALYZER_NONNULL = YES;
				CLANG_ANALYZER_NUMBER_OBJECT_CONVERSION = YES_AGGRESSIVE;
				CLANG_CXX_LANGUAGE_STANDARD = "gnu++17";
				CLANG_CXX_LIBRARY = "libc++";
				CLANG_ENABLE_MODULES = YES;
				CLANG_ENABLE_OBJC_ARC = YES;
				CLANG_ENABLE_OBJC_WEAK = YES;
				CLANG_WARN_BLOCK_CAPTURE_AUTORELEASING = YES;
				CLANG_WARN_BOOL_CONVERSION = YES;
				CLANG_WARN_COMMA = YES;
				CLANG_WARN_CONSTANT_CONVERSION = YES;
				CLANG_WARN_DEPRECATED_OBJC_IMPLEMENTATIONS = YES;
				CLANG_WARN_DIRECT_OBJC_ISA_USAGE = YES_ERROR;
				CLANG_WARN_DOCUMENTATION_COMMENTS = YES;
				CLANG_WARN_EMPTY_BODY = YES;
				CLANG_WARN_ENUM_CONVERSION = YES;
				CLANG_WARN_INFINITE_RECURSION = YES;
				CLANG_WARN_INT_CONVERSION = YES;
				CLANG_WARN_NON_LITERAL_NULL_CONVERSION = YES;
				CLANG_WARN_OBJC_IMPLICIT_RETAIN_SELF = YES;
				CLANG_WARN_OBJC_LITERAL_CONVERSION = YES;
				CLANG_WARN_OBJC_ROOT_CLASS = YES_ERROR;
				CLANG_WARN_QUOTED_INCLUDE_IN_FRAMEWORK_HEADER = YES;
				CLANG_WARN_RANGE_LOOP_ANALYSIS = YES;
				CLANG_WARN_STRICT_PROTOTYPES = YES;
				CLANG_WARN_SUSPICIOUS_MOVE = YES;
				CLANG_WARN_UNGUARDED_AVAILABILITY = YES_AGGRESSIVE;
				CLANG_WARN_UNREACHABLE_CODE = YES;
				CLANG_WARN__DUPLICATE_METHOD_MATCH = YES;
				COPY_PHASE_STRIP = NO;
				DEBUG_INFORMATION_FORMAT = dwarf;
				ENABLE_STRICT_OBJC_MSGSEND = YES;
				ENABLE_TESTABILITY = YES;
				GCC_C_LANGUAGE_STANDARD = gnu11;
				GCC_DYNAMIC_NO_PIC = NO;
				GCC_NO_COMMON_BLOCKS = YES;
				GCC_OPTIMIZATION_LEVEL = 0;
				GCC_PREPROCESSOR_DEFINITIONS = (
					"DEBUG=1",
					"$(inherited)",
				);
				GCC_WARN_64_TO_32_BIT_CONVERSION = YES;
				GCC_WARN_ABOUT_RETURN_TYPE = YES_ERROR;
				GCC_WARN_UNDECLARED_SELECTOR = YES;
				GCC_WARN_UNINITIALIZED_AUTOS = YES_AGGRESSIVE;
				GCC_WARN_UNUSED_FUNCTION = YES;
				GCC_WARN_UNUSED_VARIABLE = YES;
				IPHONEOS_DEPLOYMENT_TARGET = 15.2;
				MTL_ENABLE_DEBUG_INFO = INCLUDE_SOURCE;
				MTL_FAST_MATH = YES;
				ONLY_ACTIVE_ARCH = YES;
				SDKROOT = iphoneos;
				SWIFT_ACTIVE_COMPILATION_CONDITIONS = DEBUG;
				SWIFT_OPTIMIZATION_LEVEL = "-Onone";
			};
			name = Debug;
		};
		FCAB1DD32811C4EA008DB87D /* Release */ = {
			isa = XCBuildConfiguration;
			buildSettings = {
				ALWAYS_SEARCH_USER_PATHS = NO;
				CLANG_ANALYZER_NONNULL = YES;
				CLANG_ANALYZER_NUMBER_OBJECT_CONVERSION = YES_AGGRESSIVE;
				CLANG_CXX_LANGUAGE_STANDARD = "gnu++17";
				CLANG_CXX_LIBRARY = "libc++";
				CLANG_ENABLE_MODULES = YES;
				CLANG_ENABLE_OBJC_ARC = YES;
				CLANG_ENABLE_OBJC_WEAK = YES;
				CLANG_WARN_BLOCK_CAPTURE_AUTORELEASING = YES;
				CLANG_WARN_BOOL_CONVERSION = YES;
				CLANG_WARN_COMMA = YES;
				CLANG_WARN_CONSTANT_CONVERSION = YES;
				CLANG_WARN_DEPRECATED_OBJC_IMPLEMENTATIONS = YES;
				CLANG_WARN_DIRECT_OBJC_ISA_USAGE = YES_ERROR;
				CLANG_WARN_DOCUMENTATION_COMMENTS = YES;
				CLANG_WARN_EMPTY_BODY = YES;
				CLANG_WARN_ENUM_CONVERSION = YES;
				CLANG_WARN_INFINITE_RECURSION = YES;
				CLANG_WARN_INT_CONVERSION = YES;
				CLANG_WARN_NON_LITERAL_NULL_CONVERSION = YES;
				CLANG_WARN_OBJC_IMPLICIT_RETAIN_SELF = YES;
				CLANG_WARN_OBJC_LITERAL_CONVERSION = YES;
				CLANG_WARN_OBJC_ROOT_CLASS = YES_ERROR;
				CLANG_WARN_QUOTED_INCLUDE_IN_FRAMEWORK_HEADER = YES;
				CLANG_WARN_RANGE_LOOP_ANALYSIS = YES;
				CLANG_WARN_STRICT_PROTOTYPES = YES;
				CLANG_WARN_SUSPICIOUS_MOVE = YES;
				CLANG_WARN_UNGUARDED_AVAILABILITY = YES_AGGRESSIVE;
				CLANG_WARN_UNREACHABLE_CODE = YES;
				CLANG_WARN__DUPLICATE_METHOD_MATCH = YES;
				COPY_PHASE_STRIP = NO;
				DEBUG_INFORMATION_FORMAT = "dwarf-with-dsym";
				ENABLE_NS_ASSERTIONS = NO;
				ENABLE_STRICT_OBJC_MSGSEND = YES;
				GCC_C_LANGUAGE_STANDARD = gnu11;
				GCC_NO_COMMON_BLOCKS = YES;
				GCC_WARN_64_TO_32_BIT_CONVERSION = YES;
				GCC_WARN_ABOUT_RETURN_TYPE = YES_ERROR;
				GCC_WARN_UNDECLARED_SELECTOR = YES;
				GCC_WARN_UNINITIALIZED_AUTOS = YES_AGGRESSIVE;
				GCC_WARN_UNUSED_FUNCTION = YES;
				GCC_WARN_UNUSED_VARIABLE = YES;
				IPHONEOS_DEPLOYMENT_TARGET = 15.2;
				MTL_ENABLE_DEBUG_INFO = NO;
				MTL_FAST_MATH = YES;
				SDKROOT = iphoneos;
				SWIFT_COMPILATION_MODE = wholemodule;
				SWIFT_OPTIMIZATION_LEVEL = "-O";
				VALIDATE_PRODUCT = YES;
			};
			name = Release;
		};
		FCAB1DD52811C4EA008DB87D /* Debug */ = {
			isa = XCBuildConfiguration;
			buildSettings = {
				ASSETCATALOG_COMPILER_APPICON_NAME = AppIcon;
				ASSETCATALOG_COMPILER_GLOBAL_ACCENT_COLOR_NAME = AccentColor;
				CODE_SIGN_ENTITLEMENTS = DunamicLinks/DunamicLinks.entitlements;
				CODE_SIGN_STYLE = Automatic;
				CURRENT_PROJECT_VERSION = 1;
				DEVELOPMENT_ASSET_PATHS = "\"DunamicLinks/Preview Content\"";
				DEVELOPMENT_TEAM = 4ARG8W2BQX;
				ENABLE_PREVIEWS = YES;
				GENERATE_INFOPLIST_FILE = YES;
				INFOPLIST_KEY_UIApplicationSceneManifest_Generation = YES;
				INFOPLIST_KEY_UIApplicationSupportsIndirectInputEvents = YES;
				INFOPLIST_KEY_UILaunchScreen_Generation = YES;
				INFOPLIST_KEY_UISupportedInterfaceOrientations_iPad = "UIInterfaceOrientationPortrait UIInterfaceOrientationPortraitUpsideDown UIInterfaceOrientationLandscapeLeft UIInterfaceOrientationLandscapeRight";
				INFOPLIST_KEY_UISupportedInterfaceOrientations_iPhone = "UIInterfaceOrientationPortrait UIInterfaceOrientationLandscapeLeft UIInterfaceOrientationLandscapeRight";
				LD_RUNPATH_SEARCH_PATHS = (
					"$(inherited)",
					"@executable_path/Frameworks",
				);
				MARKETING_VERSION = 1.0;
				PRODUCT_BUNDLE_IDENTIFIER = com.zhukov.DunamicLinks;
				PRODUCT_NAME = "$(TARGET_NAME)";
				SWIFT_EMIT_LOC_STRINGS = YES;
				SWIFT_VERSION = 5.0;
				TARGETED_DEVICE_FAMILY = "1,2";
			};
			name = Debug;
		};
		FCAB1DD62811C4EA008DB87D /* Release */ = {
			isa = XCBuildConfiguration;
			buildSettings = {
				ASSETCATALOG_COMPILER_APPICON_NAME = AppIcon;
				ASSETCATALOG_COMPILER_GLOBAL_ACCENT_COLOR_NAME = AccentColor;
				CODE_SIGN_ENTITLEMENTS = DunamicLinks/DunamicLinks.entitlements;
				CODE_SIGN_STYLE = Automatic;
				CURRENT_PROJECT_VERSION = 1;
				DEVELOPMENT_ASSET_PATHS = "\"DunamicLinks/Preview Content\"";
				DEVELOPMENT_TEAM = 4ARG8W2BQX;
				ENABLE_PREVIEWS = YES;
				GENERATE_INFOPLIST_FILE = YES;
				INFOPLIST_KEY_UIApplicationSceneManifest_Generation = YES;
				INFOPLIST_KEY_UIApplicationSupportsIndirectInputEvents = YES;
				INFOPLIST_KEY_UILaunchScreen_Generation = YES;
				INFOPLIST_KEY_UISupportedInterfaceOrientations_iPad = "UIInterfaceOrientationPortrait UIInterfaceOrientationPortraitUpsideDown UIInterfaceOrientationLandscapeLeft UIInterfaceOrientationLandscapeRight";
				INFOPLIST_KEY_UISupportedInterfaceOrientations_iPhone = "UIInterfaceOrientationPortrait UIInterfaceOrientationLandscapeLeft UIInterfaceOrientationLandscapeRight";
				LD_RUNPATH_SEARCH_PATHS = (
					"$(inherited)",
					"@executable_path/Frameworks",
				);
				MARKETING_VERSION = 1.0;
				PRODUCT_BUNDLE_IDENTIFIER = com.zhukov.DunamicLinks;
				PRODUCT_NAME = "$(TARGET_NAME)";
				SWIFT_EMIT_LOC_STRINGS = YES;
				SWIFT_VERSION = 5.0;
				TARGETED_DEVICE_FAMILY = "1,2";
			};
			name = Release;
		};
/* End XCBuildConfiguration section */

/* Begin XCConfigurationList section */
		FCAB1DC12811C4E9008DB87D /* Build configuration list for PBXProject "DunamicLinks" */ = {
			isa = XCConfigurationList;
			buildConfigurations = (
				FCAB1DD22811C4EA008DB87D /* Debug */,
				FCAB1DD32811C4EA008DB87D /* Release */,
			);
			defaultConfigurationIsVisible = 0;
			defaultConfigurationName = Release;
		};
		FCAB1DD42811C4EA008DB87D /* Build configuration list for PBXNativeTarget "DunamicLinks" */ = {
			isa = XCConfigurationList;
			buildConfigurations = (
				FCAB1DD52811C4EA008DB87D /* Debug */,
				FCAB1DD62811C4EA008DB87D /* Release */,
			);
			defaultConfigurationIsVisible = 0;
			defaultConfigurationName = Release;
		};
/* End XCConfigurationList section */

/* Begin XCRemoteSwiftPackageReference section */
		FC5497962812CD4A00729DA4 /* XCRemoteSwiftPackageReference "firebase-ios-sdk" */ = {
			isa = XCRemoteSwiftPackageReference;
			repositoryURL = "https://github.com/firebase/firebase-ios-sdk";
			requirement = {
				kind = upToNextMajorVersion;
				minimumVersion = 8.0.0;
			};
		};
/* End XCRemoteSwiftPackageReference section */

/* Begin XCSwiftPackageProductDependency section */
		FC5497972812CD4A00729DA4 /* FirebaseAnalytics */ = {
			isa = XCSwiftPackageProductDependency;
			package = FC5497962812CD4A00729DA4 /* XCRemoteSwiftPackageReference "firebase-ios-sdk" */;
			productName = FirebaseAnalytics;
		};
		FC5497992812CD4A00729DA4 /* FirebaseAnalyticsWithoutAdIdSupport */ = {
			isa = XCSwiftPackageProductDependency;
			package = FC5497962812CD4A00729DA4 /* XCRemoteSwiftPackageReference "firebase-ios-sdk" */;
			productName = FirebaseAnalyticsWithoutAdIdSupport;
		};
		FC54979B2812CD4A00729DA4 /* FirebaseDynamicLinks */ = {
			isa = XCSwiftPackageProductDependency;
			package = FC5497962812CD4A00729DA4 /* XCRemoteSwiftPackageReference "firebase-ios-sdk" */;
			productName = FirebaseDynamicLinks;
		};
/* End XCSwiftPackageProductDependency section */
	};
	rootObject = FCAB1DBE2811C4E9008DB87D /* Project object */;
}
